
Microsoft Visual Studio Solution File, Format Version 12.00
# Visual Studio Version 17
VisualStudioVersion = 17.4.32804.182
MinimumVisualStudioVersion = 10.0.40219.1
Project("{9A19103F-16F7-4668-BE54-9A1E7A4F7556}") = "Interfaces", "Interfaces\Interfaces.csproj", "{1F52DFF7-9ED3-4798-9660-F0C277A7FC09}"
EndProject
Project("{9A19103F-16F7-4668-BE54-9A1E7A4F7556}") = "ShopLibrary", "ShopLibrary\ShopLibrary.csproj", "{FF6B0ED3-319F-47E1-ADEA-128A9E828B73}"
EndProject
Project("{9A19103F-16F7-4668-BE54-9A1E7A4F7556}") = "Algorithms", "Algorithms\Algorithms.csproj", "{1F282921-840E-4525-8964-0ECB0EBE7614}"
EndProject
Project("{9A19103F-16F7-4668-BE54-9A1E7A4F7556}") = "AlgorithmsTests", "AlgorithmsTests\AlgorithmsTests.csproj", "{09F173AC-6FF1-4A70-9098-DB6F4471D587}"
EndProject
Project("{9A19103F-16F7-4668-BE54-9A1E7A4F7556}") = "Wiederholungen", "Wiederholungen\Wiederholungen.csproj", "{FC5D0DBA-05C8-4F06-A063-A2611DB1995D}"
EndProject
Project("{9A19103F-16F7-4668-BE54-9A1E7A4F7556}") = "NamespaceDemoDot5", "NamespaceDemoDot5\NamespaceDemoDot5.csproj", "{360F953E-58F8-4955-AA05-688D594BC13B}"
EndProject
Project("{9A19103F-16F7-4668-BE54-9A1E7A4F7556}") = "NamespaceDemoDot6", "NamespaceDemoDot6\NamespaceDemoDot6.csproj", "{B0F739E0-53BF-439F-8A07-3CC3AC38E02C}"
EndProject
Project("{9A19103F-16F7-4668-BE54-9A1E7A4F7556}") = "YieldIEnumerableForeach", "YieldIEnumerableForeach\YieldIEnumerableForeach.csproj", "{48425CA5-AAEF-4228-83FF-C51833C34F55}"
EndProject
Project("{FAE04EC0-301F-11D3-BF4B-00C04F79EFBC}") = "ClassesVsStructs", "ClassesVsStructs\ClassesVsStructs.csproj", "{31F10CF4-25F0-4D56-8827-C5EB8576D520}"
EndProject
Global
	GlobalSection(SolutionConfigurationPlatforms) = preSolution
		Debug|Any CPU = Debug|Any CPU
		Release|Any CPU = Release|Any CPU
	EndGlobalSection
	GlobalSection(ProjectConfigurationPlatforms) = postSolution
		{1F52DFF7-9ED3-4798-9660-F0C277A7FC09}.Debug|Any CPU.ActiveCfg = Debug|Any CPU
		{1F52DFF7-9ED3-4798-9660-F0C277A7FC09}.Debug|Any CPU.Build.0 = Debug|Any CPU
		{1F52DFF7-9ED3-4798-9660-F0C277A7FC09}.Release|Any CPU.ActiveCfg = Release|Any CPU
		{1F52DFF7-9ED3-4798-9660-F0C277A7FC09}.Release|Any CPU.Build.0 = Release|Any CPU
		{FF6B0ED3-319F-47E1-ADEA-128A9E828B73}.Debug|Any CPU.ActiveCfg = Debug|Any CPU
		{FF6B0ED3-319F-47E1-ADEA-128A9E828B73}.Debug|Any CPU.Build.0 = Debug|Any CPU
		{FF6B0ED3-319F-47E1-ADEA-128A9E828B73}.Release|Any CPU.ActiveCfg = Release|Any CPU
		{FF6B0ED3-319F-47E1-ADEA-128A9E828B73}.Release|Any CPU.Build.0 = Release|Any CPU
		{1F282921-840E-4525-8964-0ECB0EBE7614}.Debug|Any CPU.ActiveCfg = Debug|Any CPU
		{1F282921-840E-4525-8964-0ECB0EBE7614}.Debug|Any CPU.Build.0 = Debug|Any CPU
		{1F282921-840E-4525-8964-0ECB0EBE7614}.Release|Any CPU.ActiveCfg = Release|Any CPU
		{1F282921-840E-4525-8964-0ECB0EBE7614}.Release|Any CPU.Build.0 = Release|Any CPU
		{09F173AC-6FF1-4A70-9098-DB6F4471D587}.Debug|Any CPU.ActiveCfg = Debug|Any CPU
		{09F173AC-6FF1-4A70-9098-DB6F4471D587}.Debug|Any CPU.Build.0 = Debug|Any CPU
		{09F173AC-6FF1-4A70-9098-DB6F4471D587}.Release|Any CPU.ActiveCfg = Release|Any CPU
		{09F173AC-6FF1-4A70-9098-DB6F4471D587}.Release|Any CPU.Build.0 = Release|Any CPU
		{FC5D0DBA-05C8-4F06-A063-A2611DB1995D}.Debug|Any CPU.ActiveCfg = Debug|Any CPU
		{FC5D0DBA-05C8-4F06-A063-A2611DB1995D}.Debug|Any CPU.Build.0 = Debug|Any CPU
		{FC5D0DBA-05C8-4F06-A063-A2611DB1995D}.Release|Any CPU.ActiveCfg = Release|Any CPU
		{FC5D0DBA-05C8-4F06-A063-A2611DB1995D}.Release|Any CPU.Build.0 = Release|Any CPU
		{360F953E-58F8-4955-AA05-688D594BC13B}.Debug|Any CPU.ActiveCfg = Debug|Any CPU
		{360F953E-58F8-4955-AA05-688D594BC13B}.Debug|Any CPU.Build.0 = Debug|Any CPU
		{360F953E-58F8-4955-AA05-688D594BC13B}.Release|Any CPU.ActiveCfg = Release|Any CPU
		{360F953E-58F8-4955-AA05-688D594BC13B}.Release|Any CPU.Build.0 = Release|Any CPU
		{B0F739E0-53BF-439F-8A07-3CC3AC38E02C}.Debug|Any CPU.ActiveCfg = Debug|Any CPU
		{B0F739E0-53BF-439F-8A07-3CC3AC38E02C}.Debug|Any CPU.Build.0 = Debug|Any CPU
		{B0F739E0-53BF-439F-8A07-3CC3AC38E02C}.Release|Any CPU.ActiveCfg = Release|Any CPU
		{B0F739E0-53BF-439F-8A07-3CC3AC38E02C}.Release|Any CPU.Build.0 = Release|Any CPU
		{48425CA5-AAEF-4228-83FF-C51833C34F55}.Debug|Any CPU.ActiveCfg = Debug|Any CPU
		{48425CA5-AAEF-4228-83FF-C51833C34F55}.Debug|Any CPU.Build.0 = Debug|Any CPU
		{48425CA5-AAEF-4228-83FF-C51833C34F55}.Release|Any CPU.ActiveCfg = Release|Any CPU
		{48425CA5-AAEF-4228-83FF-C51833C34F55}.Release|Any CPU.Build.0 = Release|Any CPU
		{31F10CF4-25F0-4D56-8827-C5EB8576D520}.Debug|Any CPU.ActiveCfg = Debug|Any CPU
		{31F10CF4-25F0-4D56-8827-C5EB8576D520}.Debug|Any CPU.Build.0 = Debug|Any CPU
		{31F10CF4-25F0-4D56-8827-C5EB8576D520}.Release|Any CPU.ActiveCfg = Release|Any CPU
		{31F10CF4-25F0-4D56-8827-C5EB8576D520}.Release|Any CPU.Build.0 = Release|Any CPU
	EndGlobalSection
	GlobalSection(SolutionProperties) = preSolution
		HideSolutionNode = FALSE
	EndGlobalSection
	GlobalSection(ExtensibilityGlobals) = postSolution
		SolutionGuid = {1759A26B-5594-4F48-828A-CF5A79868BAD}
	EndGlobalSection
EndGlobal
